
Microsoft Visual Studio Solution File, Format Version 12.00
# Visual Studio Version 16
VisualStudioVersion = 16.0.31205.134
MinimumVisualStudioVersion = 10.0.40219.1
Project("{6EC3EE1D-3C4E-46DD-8F32-0CC8E7565705}") = "5.11", "5.11\5.11.fsproj", "{CD5B2E1F-912C-498D-910D-06C0A1120E03}"
EndProject
Project("{6EC3EE1D-3C4E-46DD-8F32-0CC8E7565705}") = "5.12", "5.12\5.12.fsproj", "{3873C295-47E9-46F0-B888-3C85F8AD7F2A}"
EndProject
Project("{6EC3EE1D-3C4E-46DD-8F32-0CC8E7565705}") = "5.13", "5.13\5.13.fsproj", "{422C4B3F-3204-4A09-9B77-7035EA86E111}"
EndProject
Project("{6EC3EE1D-3C4E-46DD-8F32-0CC8E7565705}") = "5.14", "5.14\5.14.fsproj", "{778A1BD6-7933-45DC-8827-D21E485A71CB}"
EndProject
Project("{6EC3EE1D-3C4E-46DD-8F32-0CC8E7565705}") = "5.15", "5.15\5.15.fsproj", "{85A4F3B7-AD49-4184-81A0-1035CF6F9F50}"
EndProject
Project("{6EC3EE1D-3C4E-46DD-8F32-0CC8E7565705}") = "5.16", "5.16\5.16.fsproj", "{1960E2D3-873C-424E-AEED-22A776F37924}"
EndProject
Project("{6EC3EE1D-3C4E-46DD-8F32-0CC8E7565705}") = "5,17", "5,17\5,17.fsproj", "{289D9FA2-9577-4CF8-ACE5-C934768CE3D8}"
EndProject
Project("{6EC3EE1D-3C4E-46DD-8F32-0CC8E7565705}") = "5.18", "5.18\5.18.fsproj", "{015581F9-3D73-4733-A84D-891B2CC75CA7}"
EndProject
Project("{6EC3EE1D-3C4E-46DD-8F32-0CC8E7565705}") = "5.19", "5.19\5.19.fsproj", "{A41EF789-7E22-4F10-84F6-4735E974D423}"
EndProject
Project("{6EC3EE1D-3C4E-46DD-8F32-0CC8E7565705}") = "5.20", "5.20\5.20.fsproj", "{66D5A03C-4D1C-47DA-B2DF-18FAF397399F}"
EndProject
Project("{6EC3EE1D-3C4E-46DD-8F32-0CC8E7565705}") = "6.11", "6.11\6.11.fsproj", "{6AF7494E-A46F-421E-BE92-9753A97841DA}"
EndProject
Project("{6EC3EE1D-3C4E-46DD-8F32-0CC8E7565705}") = "6.1.1", "6.1.1\6.1.1.fsproj", "{8292FF2E-DBB4-4457-BB49-24C6572D5CBC}"
EndProject
Project("{6EC3EE1D-3C4E-46DD-8F32-0CC8E7565705}") = "6.1.12", "6.1.12\6.1.12.fsproj", "{272D591E-89C2-4616-8906-0E05BDD87F3F}"
EndProject
Project("{6EC3EE1D-3C4E-46DD-8F32-0CC8E7565705}") = "6.1.14", "6.1.14\6.1.14.fsproj", "{85797962-8EB6-4BCA-9FB0-A381EA027A34}"
EndProject
Project("{6EC3EE1D-3C4E-46DD-8F32-0CC8E7565705}") = "6.1.16", "6.1.16\6.1.16.fsproj", "{5089A734-18F7-4E87-9B83-27B0FB91BDFF}"
EndProject
Project("{6EC3EE1D-3C4E-46DD-8F32-0CC8E7565705}") = "6.1.26", "6.1.26\6.1.26.fsproj", "{24414A98-C799-4524-A023-2F389AA6D289}"
EndProject
Project("{6EC3EE1D-3C4E-46DD-8F32-0CC8E7565705}") = "6.1.29", "6.1.29\6.1.29.fsproj", "{F3698250-8799-47F8-A8FC-C8450F5E150B}"
EndProject
Project("{6EC3EE1D-3C4E-46DD-8F32-0CC8E7565705}") = "6.1.38", "6.1.38\6.1.38.fsproj", "{DADEB134-423F-43A1-B652-4C5D58B07A60}"
EndProject
Project("{6EC3EE1D-3C4E-46DD-8F32-0CC8E7565705}") = "6.1.44", "6.1.44\6.1.44.fsproj", "{07FE6589-2163-43FC-9CB9-2A4AA3ED7F9E}"
EndProject
Project("{6EC3EE1D-3C4E-46DD-8F32-0CC8E7565705}") = "6.1.60", "6.1.60\6.1.60.fsproj", "{90184EB7-6D32-4CA7-B779-A447D1E6D775}"
EndProject
Project("{6EC3EE1D-3C4E-46DD-8F32-0CC8E7565705}") = "7.2", "7.2\7.2.fsproj", "{7F741BD4-14F3-4A96-828B-E01BE792A246}"
EndProject
Project("{6EC3EE1D-3C4E-46DD-8F32-0CC8E7565705}") = "7.12", "7.12\7.12.fsproj", "{F2C3CAD2-057B-4FB4-A702-1944F901A5DF}"
EndProject
Project("{6EC3EE1D-3C4E-46DD-8F32-0CC8E7565705}") = "7.22", "7.22\7.22.fsproj", "{A9E23D57-6675-4C20-BB65-45FB5E634B97}"
EndProject
Project("{6EC3EE1D-3C4E-46DD-8F32-0CC8E7565705}") = "7.32", "7.32\7.32.fsproj", "{84AD1607-1CBF-41D2-B9B4-DEF90D4CD068}"
EndProject
Project("{6EC3EE1D-3C4E-46DD-8F32-0CC8E7565705}") = "7.42", "7.42\7.42.fsproj", "{9B9B38C9-2B44-42C8-94DF-F8209B99B0AC}"
EndProject
Project("{6EC3EE1D-3C4E-46DD-8F32-0CC8E7565705}") = "7.52", "7.52\7.52.fsproj", "{1BFE11C7-7775-4132-AEA1-88386658A1ED}"
EndProject
Project("{6EC3EE1D-3C4E-46DD-8F32-0CC8E7565705}") = "7.17.2", "7.17.2\7.17.2.fsproj", "{E85911B5-EDFF-4405-88AF-D19B5636DE5C}"
EndProject
Project("{6EC3EE1D-3C4E-46DD-8F32-0CC8E7565705}") = "7.18.2", "7.18.2\7.18.2.fsproj", "{0FD950E3-6112-4094-AA15-81C788903D56}"
EndProject
Project("{6EC3EE1D-3C4E-46DD-8F32-0CC8E7565705}") = "7.19.2", "7.19.2\7.19.2.fsproj", "{932AD167-EAAF-4339-B776-AB7FB9837F36}"
EndProject
Project("{6EC3EE1D-3C4E-46DD-8F32-0CC8E7565705}") = "7.20.2", "7.20.2\7.20.2.fsproj", "{4CEFAEC3-0ADC-4E4D-A3EA-842F6F36CF6D}"
EndProject
Project("{F2A71F9B-5D33-465A-A702-920D77279786}") = "9.5", "9.5\9.5.fsproj", "{E1F45797-5C29-4B71-8541-46696931671C}"
EndProject
Project("{F2A71F9B-5D33-465A-A702-920D77279786}") = "9.6", "9.6\9.6.fsproj", "{587766FC-6DCB-4B16-8ECD-E919554F5FDA}"
EndProject
Global
	GlobalSection(SolutionConfigurationPlatforms) = preSolution
		Debug|Any CPU = Debug|Any CPU
		Release|Any CPU = Release|Any CPU
	EndGlobalSection
	GlobalSection(ProjectConfigurationPlatforms) = postSolution
		{CD5B2E1F-912C-498D-910D-06C0A1120E03}.Debug|Any CPU.ActiveCfg = Debug|Any CPU
		{CD5B2E1F-912C-498D-910D-06C0A1120E03}.Debug|Any CPU.Build.0 = Debug|Any CPU
		{CD5B2E1F-912C-498D-910D-06C0A1120E03}.Release|Any CPU.ActiveCfg = Release|Any CPU
		{CD5B2E1F-912C-498D-910D-06C0A1120E03}.Release|Any CPU.Build.0 = Release|Any CPU
		{3873C295-47E9-46F0-B888-3C85F8AD7F2A}.Debug|Any CPU.ActiveCfg = Debug|Any CPU
		{3873C295-47E9-46F0-B888-3C85F8AD7F2A}.Debug|Any CPU.Build.0 = Debug|Any CPU
		{3873C295-47E9-46F0-B888-3C85F8AD7F2A}.Release|Any CPU.ActiveCfg = Release|Any CPU
		{3873C295-47E9-46F0-B888-3C85F8AD7F2A}.Release|Any CPU.Build.0 = Release|Any CPU
		{422C4B3F-3204-4A09-9B77-7035EA86E111}.Debug|Any CPU.ActiveCfg = Debug|Any CPU
		{422C4B3F-3204-4A09-9B77-7035EA86E111}.Debug|Any CPU.Build.0 = Debug|Any CPU
		{422C4B3F-3204-4A09-9B77-7035EA86E111}.Release|Any CPU.ActiveCfg = Release|Any CPU
		{422C4B3F-3204-4A09-9B77-7035EA86E111}.Release|Any CPU.Build.0 = Release|Any CPU
		{778A1BD6-7933-45DC-8827-D21E485A71CB}.Debug|Any CPU.ActiveCfg = Debug|Any CPU
		{778A1BD6-7933-45DC-8827-D21E485A71CB}.Debug|Any CPU.Build.0 = Debug|Any CPU
		{778A1BD6-7933-45DC-8827-D21E485A71CB}.Release|Any CPU.ActiveCfg = Release|Any CPU
		{778A1BD6-7933-45DC-8827-D21E485A71CB}.Release|Any CPU.Build.0 = Release|Any CPU
		{85A4F3B7-AD49-4184-81A0-1035CF6F9F50}.Debug|Any CPU.ActiveCfg = Debug|Any CPU
		{85A4F3B7-AD49-4184-81A0-1035CF6F9F50}.Debug|Any CPU.Build.0 = Debug|Any CPU
		{85A4F3B7-AD49-4184-81A0-1035CF6F9F50}.Release|Any CPU.ActiveCfg = Release|Any CPU
		{85A4F3B7-AD49-4184-81A0-1035CF6F9F50}.Release|Any CPU.Build.0 = Release|Any CPU
		{1960E2D3-873C-424E-AEED-22A776F37924}.Debug|Any CPU.ActiveCfg = Debug|Any CPU
		{1960E2D3-873C-424E-AEED-22A776F37924}.Debug|Any CPU.Build.0 = Debug|Any CPU
		{1960E2D3-873C-424E-AEED-22A776F37924}.Release|Any CPU.ActiveCfg = Release|Any CPU
		{1960E2D3-873C-424E-AEED-22A776F37924}.Release|Any CPU.Build.0 = Release|Any CPU
		{289D9FA2-9577-4CF8-ACE5-C934768CE3D8}.Debug|Any CPU.ActiveCfg = Debug|Any CPU
		{289D9FA2-9577-4CF8-ACE5-C934768CE3D8}.Debug|Any CPU.Build.0 = Debug|Any CPU
		{289D9FA2-9577-4CF8-ACE5-C934768CE3D8}.Release|Any CPU.ActiveCfg = Release|Any CPU
		{289D9FA2-9577-4CF8-ACE5-C934768CE3D8}.Release|Any CPU.Build.0 = Release|Any CPU
		{015581F9-3D73-4733-A84D-891B2CC75CA7}.Debug|Any CPU.ActiveCfg = Debug|Any CPU
		{015581F9-3D73-4733-A84D-891B2CC75CA7}.Debug|Any CPU.Build.0 = Debug|Any CPU
		{015581F9-3D73-4733-A84D-891B2CC75CA7}.Release|Any CPU.ActiveCfg = Release|Any CPU
		{015581F9-3D73-4733-A84D-891B2CC75CA7}.Release|Any CPU.Build.0 = Release|Any CPU
		{A41EF789-7E22-4F10-84F6-4735E974D423}.Debug|Any CPU.ActiveCfg = Debug|Any CPU
		{A41EF789-7E22-4F10-84F6-4735E974D423}.Debug|Any CPU.Build.0 = Debug|Any CPU
		{A41EF789-7E22-4F10-84F6-4735E974D423}.Release|Any CPU.ActiveCfg = Release|Any CPU
		{A41EF789-7E22-4F10-84F6-4735E974D423}.Release|Any CPU.Build.0 = Release|Any CPU
		{66D5A03C-4D1C-47DA-B2DF-18FAF397399F}.Debug|Any CPU.ActiveCfg = Debug|Any CPU
		{66D5A03C-4D1C-47DA-B2DF-18FAF397399F}.Debug|Any CPU.Build.0 = Debug|Any CPU
		{66D5A03C-4D1C-47DA-B2DF-18FAF397399F}.Release|Any CPU.ActiveCfg = Release|Any CPU
		{66D5A03C-4D1C-47DA-B2DF-18FAF397399F}.Release|Any CPU.Build.0 = Release|Any CPU
		{6AF7494E-A46F-421E-BE92-9753A97841DA}.Debug|Any CPU.ActiveCfg = Debug|Any CPU
		{6AF7494E-A46F-421E-BE92-9753A97841DA}.Debug|Any CPU.Build.0 = Debug|Any CPU
		{6AF7494E-A46F-421E-BE92-9753A97841DA}.Release|Any CPU.ActiveCfg = Release|Any CPU
		{6AF7494E-A46F-421E-BE92-9753A97841DA}.Release|Any CPU.Build.0 = Release|Any CPU
		{8292FF2E-DBB4-4457-BB49-24C6572D5CBC}.Debug|Any CPU.ActiveCfg = Debug|Any CPU
		{8292FF2E-DBB4-4457-BB49-24C6572D5CBC}.Debug|Any CPU.Build.0 = Debug|Any CPU
		{8292FF2E-DBB4-4457-BB49-24C6572D5CBC}.Release|Any CPU.ActiveCfg = Release|Any CPU
		{8292FF2E-DBB4-4457-BB49-24C6572D5CBC}.Release|Any CPU.Build.0 = Release|Any CPU
		{272D591E-89C2-4616-8906-0E05BDD87F3F}.Debug|Any CPU.ActiveCfg = Debug|Any CPU
		{272D591E-89C2-4616-8906-0E05BDD87F3F}.Debug|Any CPU.Build.0 = Debug|Any CPU
		{272D591E-89C2-4616-8906-0E05BDD87F3F}.Release|Any CPU.ActiveCfg = Release|Any CPU
		{272D591E-89C2-4616-8906-0E05BDD87F3F}.Release|Any CPU.Build.0 = Release|Any CPU
		{85797962-8EB6-4BCA-9FB0-A381EA027A34}.Debug|Any CPU.ActiveCfg = Debug|Any CPU
		{85797962-8EB6-4BCA-9FB0-A381EA027A34}.Debug|Any CPU.Build.0 = Debug|Any CPU
		{85797962-8EB6-4BCA-9FB0-A381EA027A34}.Release|Any CPU.ActiveCfg = Release|Any CPU
		{85797962-8EB6-4BCA-9FB0-A381EA027A34}.Release|Any CPU.Build.0 = Release|Any CPU
		{5089A734-18F7-4E87-9B83-27B0FB91BDFF}.Debug|Any CPU.ActiveCfg = Debug|Any CPU
		{5089A734-18F7-4E87-9B83-27B0FB91BDFF}.Debug|Any CPU.Build.0 = Debug|Any CPU
		{5089A734-18F7-4E87-9B83-27B0FB91BDFF}.Release|Any CPU.ActiveCfg = Release|Any CPU
		{5089A734-18F7-4E87-9B83-27B0FB91BDFF}.Release|Any CPU.Build.0 = Release|Any CPU
		{24414A98-C799-4524-A023-2F389AA6D289}.Debug|Any CPU.ActiveCfg = Debug|Any CPU
		{24414A98-C799-4524-A023-2F389AA6D289}.Debug|Any CPU.Build.0 = Debug|Any CPU
		{24414A98-C799-4524-A023-2F389AA6D289}.Release|Any CPU.ActiveCfg = Release|Any CPU
		{24414A98-C799-4524-A023-2F389AA6D289}.Release|Any CPU.Build.0 = Release|Any CPU
		{F3698250-8799-47F8-A8FC-C8450F5E150B}.Debug|Any CPU.ActiveCfg = Debug|Any CPU
		{F3698250-8799-47F8-A8FC-C8450F5E150B}.Debug|Any CPU.Build.0 = Debug|Any CPU
		{F3698250-8799-47F8-A8FC-C8450F5E150B}.Release|Any CPU.ActiveCfg = Release|Any CPU
		{F3698250-8799-47F8-A8FC-C8450F5E150B}.Release|Any CPU.Build.0 = Release|Any CPU
		{DADEB134-423F-43A1-B652-4C5D58B07A60}.Debug|Any CPU.ActiveCfg = Debug|Any CPU
		{DADEB134-423F-43A1-B652-4C5D58B07A60}.Debug|Any CPU.Build.0 = Debug|Any CPU
		{DADEB134-423F-43A1-B652-4C5D58B07A60}.Release|Any CPU.ActiveCfg = Release|Any CPU
		{DADEB134-423F-43A1-B652-4C5D58B07A60}.Release|Any CPU.Build.0 = Release|Any CPU
		{07FE6589-2163-43FC-9CB9-2A4AA3ED7F9E}.Debug|Any CPU.ActiveCfg = Debug|Any CPU
		{07FE6589-2163-43FC-9CB9-2A4AA3ED7F9E}.Debug|Any CPU.Build.0 = Debug|Any CPU
		{07FE6589-2163-43FC-9CB9-2A4AA3ED7F9E}.Release|Any CPU.ActiveCfg = Release|Any CPU
		{07FE6589-2163-43FC-9CB9-2A4AA3ED7F9E}.Release|Any CPU.Build.0 = Release|Any CPU
		{90184EB7-6D32-4CA7-B779-A447D1E6D775}.Debug|Any CPU.ActiveCfg = Debug|Any CPU
		{90184EB7-6D32-4CA7-B779-A447D1E6D775}.Debug|Any CPU.Build.0 = Debug|Any CPU
		{90184EB7-6D32-4CA7-B779-A447D1E6D775}.Release|Any CPU.ActiveCfg = Release|Any CPU
		{90184EB7-6D32-4CA7-B779-A447D1E6D775}.Release|Any CPU.Build.0 = Release|Any CPU
		{7F741BD4-14F3-4A96-828B-E01BE792A246}.Debug|Any CPU.ActiveCfg = Debug|Any CPU
		{7F741BD4-14F3-4A96-828B-E01BE792A246}.Debug|Any CPU.Build.0 = Debug|Any CPU
		{7F741BD4-14F3-4A96-828B-E01BE792A246}.Release|Any CPU.ActiveCfg = Release|Any CPU
		{7F741BD4-14F3-4A96-828B-E01BE792A246}.Release|Any CPU.Build.0 = Release|Any CPU
		{F2C3CAD2-057B-4FB4-A702-1944F901A5DF}.Debug|Any CPU.ActiveCfg = Debug|Any CPU
		{F2C3CAD2-057B-4FB4-A702-1944F901A5DF}.Debug|Any CPU.Build.0 = Debug|Any CPU
		{F2C3CAD2-057B-4FB4-A702-1944F901A5DF}.Release|Any CPU.ActiveCfg = Release|Any CPU
		{F2C3CAD2-057B-4FB4-A702-1944F901A5DF}.Release|Any CPU.Build.0 = Release|Any CPU
		{A9E23D57-6675-4C20-BB65-45FB5E634B97}.Debug|Any CPU.ActiveCfg = Debug|Any CPU
		{A9E23D57-6675-4C20-BB65-45FB5E634B97}.Debug|Any CPU.Build.0 = Debug|Any CPU
		{A9E23D57-6675-4C20-BB65-45FB5E634B97}.Release|Any CPU.ActiveCfg = Release|Any CPU
		{A9E23D57-6675-4C20-BB65-45FB5E634B97}.Release|Any CPU.Build.0 = Release|Any CPU
		{84AD1607-1CBF-41D2-B9B4-DEF90D4CD068}.Debug|Any CPU.ActiveCfg = Debug|Any CPU
		{84AD1607-1CBF-41D2-B9B4-DEF90D4CD068}.Debug|Any CPU.Build.0 = Debug|Any CPU
		{84AD1607-1CBF-41D2-B9B4-DEF90D4CD068}.Release|Any CPU.ActiveCfg = Release|Any CPU
		{84AD1607-1CBF-41D2-B9B4-DEF90D4CD068}.Release|Any CPU.Build.0 = Release|Any CPU
		{9B9B38C9-2B44-42C8-94DF-F8209B99B0AC}.Debug|Any CPU.ActiveCfg = Debug|Any CPU
		{9B9B38C9-2B44-42C8-94DF-F8209B99B0AC}.Debug|Any CPU.Build.0 = Debug|Any CPU
		{9B9B38C9-2B44-42C8-94DF-F8209B99B0AC}.Release|Any CPU.ActiveCfg = Release|Any CPU
		{9B9B38C9-2B44-42C8-94DF-F8209B99B0AC}.Release|Any CPU.Build.0 = Release|Any CPU
		{1BFE11C7-7775-4132-AEA1-88386658A1ED}.Debug|Any CPU.ActiveCfg = Debug|Any CPU
		{1BFE11C7-7775-4132-AEA1-88386658A1ED}.Debug|Any CPU.Build.0 = Debug|Any CPU
		{1BFE11C7-7775-4132-AEA1-88386658A1ED}.Release|Any CPU.ActiveCfg = Release|Any CPU
		{1BFE11C7-7775-4132-AEA1-88386658A1ED}.Release|Any CPU.Build.0 = Release|Any CPU
		{E85911B5-EDFF-4405-88AF-D19B5636DE5C}.Debug|Any CPU.ActiveCfg = Debug|Any CPU
		{E85911B5-EDFF-4405-88AF-D19B5636DE5C}.Debug|Any CPU.Build.0 = Debug|Any CPU
		{E85911B5-EDFF-4405-88AF-D19B5636DE5C}.Release|Any CPU.ActiveCfg = Release|Any CPU
		{E85911B5-EDFF-4405-88AF-D19B5636DE5C}.Release|Any CPU.Build.0 = Release|Any CPU
		{0FD950E3-6112-4094-AA15-81C788903D56}.Debug|Any CPU.ActiveCfg = Debug|Any CPU
		{0FD950E3-6112-4094-AA15-81C788903D56}.Debug|Any CPU.Build.0 = Debug|Any CPU
		{0FD950E3-6112-4094-AA15-81C788903D56}.Release|Any CPU.ActiveCfg = Release|Any CPU
		{0FD950E3-6112-4094-AA15-81C788903D56}.Release|Any CPU.Build.0 = Release|Any CPU
		{932AD167-EAAF-4339-B776-AB7FB9837F36}.Debug|Any CPU.ActiveCfg = Debug|Any CPU
		{932AD167-EAAF-4339-B776-AB7FB9837F36}.Debug|Any CPU.Build.0 = Debug|Any CPU
		{932AD167-EAAF-4339-B776-AB7FB9837F36}.Release|Any CPU.ActiveCfg = Release|Any CPU
		{932AD167-EAAF-4339-B776-AB7FB9837F36}.Release|Any CPU.Build.0 = Release|Any CPU
		{4CEFAEC3-0ADC-4E4D-A3EA-842F6F36CF6D}.Debug|Any CPU.ActiveCfg = Debug|Any CPU
		{4CEFAEC3-0ADC-4E4D-A3EA-842F6F36CF6D}.Debug|Any CPU.Build.0 = Debug|Any CPU
		{4CEFAEC3-0ADC-4E4D-A3EA-842F6F36CF6D}.Release|Any CPU.ActiveCfg = Release|Any CPU
		{4CEFAEC3-0ADC-4E4D-A3EA-842F6F36CF6D}.Release|Any CPU.Build.0 = Release|Any CPU
		{E1F45797-5C29-4B71-8541-46696931671C}.Debug|Any CPU.ActiveCfg = Debug|Any CPU
		{E1F45797-5C29-4B71-8541-46696931671C}.Debug|Any CPU.Build.0 = Debug|Any CPU
		{E1F45797-5C29-4B71-8541-46696931671C}.Release|Any CPU.ActiveCfg = Release|Any CPU
		{E1F45797-5C29-4B71-8541-46696931671C}.Release|Any CPU.Build.0 = Release|Any CPU
		{587766FC-6DCB-4B16-8ECD-E919554F5FDA}.Debug|Any CPU.ActiveCfg = Debug|Any CPU
		{587766FC-6DCB-4B16-8ECD-E919554F5FDA}.Debug|Any CPU.Build.0 = Debug|Any CPU
		{587766FC-6DCB-4B16-8ECD-E919554F5FDA}.Release|Any CPU.ActiveCfg = Release|Any CPU
		{587766FC-6DCB-4B16-8ECD-E919554F5FDA}.Release|Any CPU.Build.0 = Release|Any CPU
	EndGlobalSection
	GlobalSection(SolutionProperties) = preSolution
		HideSolutionNode = FALSE
	EndGlobalSection
	GlobalSection(ExtensibilityGlobals) = postSolution
		SolutionGuid = {95308FE1-6F1A-45ED-8748-1FCCF9D19291}
	EndGlobalSection
EndGlobal
