
Microsoft Visual Studio Solution File, Format Version 12.00
# Visual Studio Version 16
VisualStudioVersion = 16.0.31205.134
MinimumVisualStudioVersion = 10.0.40219.1
Project("{F2A71F9B-5D33-465A-A702-920D77279786}") = "5.11", "5.11\5.11.fsproj", "{CD5B2E1F-912C-498D-910D-06C0A1120E03}"
EndProject
Project("{F2A71F9B-5D33-465A-A702-920D77279786}") = "5.12", "5.12\5.12.fsproj", "{3873C295-47E9-46F0-B888-3C85F8AD7F2A}"
EndProject
Project("{F2A71F9B-5D33-465A-A702-920D77279786}") = "5.13", "5.13\5.13.fsproj", "{422C4B3F-3204-4A09-9B77-7035EA86E111}"
EndProject
Project("{F2A71F9B-5D33-465A-A702-920D77279786}") = "5.14", "5.14\5.14.fsproj", "{778A1BD6-7933-45DC-8827-D21E485A71CB}"
EndProject
Project("{F2A71F9B-5D33-465A-A702-920D77279786}") = "5.15", "5.15\5.15.fsproj", "{85A4F3B7-AD49-4184-81A0-1035CF6F9F50}"
EndProject
Project("{F2A71F9B-5D33-465A-A702-920D77279786}") = "5.16", "5.16\5.16.fsproj", "{1960E2D3-873C-424E-AEED-22A776F37924}"
EndProject
Project("{F2A71F9B-5D33-465A-A702-920D77279786}") = "5,17", "5,17\5,17.fsproj", "{289D9FA2-9577-4CF8-ACE5-C934768CE3D8}"
EndProject
Project("{F2A71F9B-5D33-465A-A702-920D77279786}") = "5.18", "5.18\5.18.fsproj", "{015581F9-3D73-4733-A84D-891B2CC75CA7}"
EndProject
Project("{F2A71F9B-5D33-465A-A702-920D77279786}") = "5.19", "5.19\5.19.fsproj", "{A41EF789-7E22-4F10-84F6-4735E974D423}"
EndProject
Project("{F2A71F9B-5D33-465A-A702-920D77279786}") = "5.20", "5.20\5.20.fsproj", "{66D5A03C-4D1C-47DA-B2DF-18FAF397399F}"
EndProject
Project("{F2A71F9B-5D33-465A-A702-920D77279786}") = "6.11", "6.11\6.11.fsproj", "{6AF7494E-A46F-421E-BE92-9753A97841DA}"
EndProject
Project("{F2A71F9B-5D33-465A-A702-920D77279786}") = "6.1.1", "6.1.1\6.1.1.fsproj", "{8292FF2E-DBB4-4457-BB49-24C6572D5CBC}"
EndProject
Project("{F2A71F9B-5D33-465A-A702-920D77279786}") = "6.1.12", "6.1.12\6.1.12.fsproj", "{272D591E-89C2-4616-8906-0E05BDD87F3F}"
EndProject
Project("{F2A71F9B-5D33-465A-A702-920D77279786}") = "6.1.14", "6.1.14\6.1.14.fsproj", "{85797962-8EB6-4BCA-9FB0-A381EA027A34}"
EndProject
Project("{F2A71F9B-5D33-465A-A702-920D77279786}") = "6.1.16", "6.1.16\6.1.16.fsproj", "{5089A734-18F7-4E87-9B83-27B0FB91BDFF}"
EndProject
Global
	GlobalSection(SolutionConfigurationPlatforms) = preSolution
		Debug|Any CPU = Debug|Any CPU
		Release|Any CPU = Release|Any CPU
	EndGlobalSection
	GlobalSection(ProjectConfigurationPlatforms) = postSolution
		{CD5B2E1F-912C-498D-910D-06C0A1120E03}.Debug|Any CPU.ActiveCfg = Debug|Any CPU
		{CD5B2E1F-912C-498D-910D-06C0A1120E03}.Debug|Any CPU.Build.0 = Debug|Any CPU
		{CD5B2E1F-912C-498D-910D-06C0A1120E03}.Release|Any CPU.ActiveCfg = Release|Any CPU
		{CD5B2E1F-912C-498D-910D-06C0A1120E03}.Release|Any CPU.Build.0 = Release|Any CPU
		{3873C295-47E9-46F0-B888-3C85F8AD7F2A}.Debug|Any CPU.ActiveCfg = Debug|Any CPU
		{3873C295-47E9-46F0-B888-3C85F8AD7F2A}.Debug|Any CPU.Build.0 = Debug|Any CPU
		{3873C295-47E9-46F0-B888-3C85F8AD7F2A}.Release|Any CPU.ActiveCfg = Release|Any CPU
		{3873C295-47E9-46F0-B888-3C85F8AD7F2A}.Release|Any CPU.Build.0 = Release|Any CPU
		{422C4B3F-3204-4A09-9B77-7035EA86E111}.Debug|Any CPU.ActiveCfg = Debug|Any CPU
		{422C4B3F-3204-4A09-9B77-7035EA86E111}.Debug|Any CPU.Build.0 = Debug|Any CPU
		{422C4B3F-3204-4A09-9B77-7035EA86E111}.Release|Any CPU.ActiveCfg = Release|Any CPU
		{422C4B3F-3204-4A09-9B77-7035EA86E111}.Release|Any CPU.Build.0 = Release|Any CPU
		{778A1BD6-7933-45DC-8827-D21E485A71CB}.Debug|Any CPU.ActiveCfg = Debug|Any CPU
		{778A1BD6-7933-45DC-8827-D21E485A71CB}.Debug|Any CPU.Build.0 = Debug|Any CPU
		{778A1BD6-7933-45DC-8827-D21E485A71CB}.Release|Any CPU.ActiveCfg = Release|Any CPU
		{778A1BD6-7933-45DC-8827-D21E485A71CB}.Release|Any CPU.Build.0 = Release|Any CPU
		{85A4F3B7-AD49-4184-81A0-1035CF6F9F50}.Debug|Any CPU.ActiveCfg = Debug|Any CPU
		{85A4F3B7-AD49-4184-81A0-1035CF6F9F50}.Debug|Any CPU.Build.0 = Debug|Any CPU
		{85A4F3B7-AD49-4184-81A0-1035CF6F9F50}.Release|Any CPU.ActiveCfg = Release|Any CPU
		{85A4F3B7-AD49-4184-81A0-1035CF6F9F50}.Release|Any CPU.Build.0 = Release|Any CPU
		{1960E2D3-873C-424E-AEED-22A776F37924}.Debug|Any CPU.ActiveCfg = Debug|Any CPU
		{1960E2D3-873C-424E-AEED-22A776F37924}.Debug|Any CPU.Build.0 = Debug|Any CPU
		{1960E2D3-873C-424E-AEED-22A776F37924}.Release|Any CPU.ActiveCfg = Release|Any CPU
		{1960E2D3-873C-424E-AEED-22A776F37924}.Release|Any CPU.Build.0 = Release|Any CPU
		{289D9FA2-9577-4CF8-ACE5-C934768CE3D8}.Debug|Any CPU.ActiveCfg = Debug|Any CPU
		{289D9FA2-9577-4CF8-ACE5-C934768CE3D8}.Debug|Any CPU.Build.0 = Debug|Any CPU
		{289D9FA2-9577-4CF8-ACE5-C934768CE3D8}.Release|Any CPU.ActiveCfg = Release|Any CPU
		{289D9FA2-9577-4CF8-ACE5-C934768CE3D8}.Release|Any CPU.Build.0 = Release|Any CPU
		{015581F9-3D73-4733-A84D-891B2CC75CA7}.Debug|Any CPU.ActiveCfg = Debug|Any CPU
		{015581F9-3D73-4733-A84D-891B2CC75CA7}.Debug|Any CPU.Build.0 = Debug|Any CPU
		{015581F9-3D73-4733-A84D-891B2CC75CA7}.Release|Any CPU.ActiveCfg = Release|Any CPU
		{015581F9-3D73-4733-A84D-891B2CC75CA7}.Release|Any CPU.Build.0 = Release|Any CPU
		{A41EF789-7E22-4F10-84F6-4735E974D423}.Debug|Any CPU.ActiveCfg = Debug|Any CPU
		{A41EF789-7E22-4F10-84F6-4735E974D423}.Debug|Any CPU.Build.0 = Debug|Any CPU
		{A41EF789-7E22-4F10-84F6-4735E974D423}.Release|Any CPU.ActiveCfg = Release|Any CPU
		{A41EF789-7E22-4F10-84F6-4735E974D423}.Release|Any CPU.Build.0 = Release|Any CPU
		{66D5A03C-4D1C-47DA-B2DF-18FAF397399F}.Debug|Any CPU.ActiveCfg = Debug|Any CPU
		{66D5A03C-4D1C-47DA-B2DF-18FAF397399F}.Debug|Any CPU.Build.0 = Debug|Any CPU
		{66D5A03C-4D1C-47DA-B2DF-18FAF397399F}.Release|Any CPU.ActiveCfg = Release|Any CPU
		{66D5A03C-4D1C-47DA-B2DF-18FAF397399F}.Release|Any CPU.Build.0 = Release|Any CPU
		{6AF7494E-A46F-421E-BE92-9753A97841DA}.Debug|Any CPU.ActiveCfg = Debug|Any CPU
		{6AF7494E-A46F-421E-BE92-9753A97841DA}.Debug|Any CPU.Build.0 = Debug|Any CPU
		{6AF7494E-A46F-421E-BE92-9753A97841DA}.Release|Any CPU.ActiveCfg = Release|Any CPU
		{6AF7494E-A46F-421E-BE92-9753A97841DA}.Release|Any CPU.Build.0 = Release|Any CPU
		{8292FF2E-DBB4-4457-BB49-24C6572D5CBC}.Debug|Any CPU.ActiveCfg = Debug|Any CPU
		{8292FF2E-DBB4-4457-BB49-24C6572D5CBC}.Debug|Any CPU.Build.0 = Debug|Any CPU
		{8292FF2E-DBB4-4457-BB49-24C6572D5CBC}.Release|Any CPU.ActiveCfg = Release|Any CPU
		{8292FF2E-DBB4-4457-BB49-24C6572D5CBC}.Release|Any CPU.Build.0 = Release|Any CPU
		{272D591E-89C2-4616-8906-0E05BDD87F3F}.Debug|Any CPU.ActiveCfg = Debug|Any CPU
		{272D591E-89C2-4616-8906-0E05BDD87F3F}.Debug|Any CPU.Build.0 = Debug|Any CPU
		{272D591E-89C2-4616-8906-0E05BDD87F3F}.Release|Any CPU.ActiveCfg = Release|Any CPU
		{272D591E-89C2-4616-8906-0E05BDD87F3F}.Release|Any CPU.Build.0 = Release|Any CPU
		{85797962-8EB6-4BCA-9FB0-A381EA027A34}.Debug|Any CPU.ActiveCfg = Debug|Any CPU
		{85797962-8EB6-4BCA-9FB0-A381EA027A34}.Debug|Any CPU.Build.0 = Debug|Any CPU
		{85797962-8EB6-4BCA-9FB0-A381EA027A34}.Release|Any CPU.ActiveCfg = Release|Any CPU
		{85797962-8EB6-4BCA-9FB0-A381EA027A34}.Release|Any CPU.Build.0 = Release|Any CPU
		{5089A734-18F7-4E87-9B83-27B0FB91BDFF}.Debug|Any CPU.ActiveCfg = Debug|Any CPU
		{5089A734-18F7-4E87-9B83-27B0FB91BDFF}.Debug|Any CPU.Build.0 = Debug|Any CPU
		{5089A734-18F7-4E87-9B83-27B0FB91BDFF}.Release|Any CPU.ActiveCfg = Release|Any CPU
		{5089A734-18F7-4E87-9B83-27B0FB91BDFF}.Release|Any CPU.Build.0 = Release|Any CPU
	EndGlobalSection
	GlobalSection(SolutionProperties) = preSolution
		HideSolutionNode = FALSE
	EndGlobalSection
	GlobalSection(ExtensibilityGlobals) = postSolution
		SolutionGuid = {95308FE1-6F1A-45ED-8748-1FCCF9D19291}
	EndGlobalSection
EndGlobal
