
Microsoft Visual Studio Solution File, Format Version 12.00
# Visual Studio Version 16
VisualStudioVersion = 16.0.31205.134
MinimumVisualStudioVersion = 10.0.40219.1
Project("{F2A71F9B-5D33-465A-A702-920D77279786}") = "5.11", "5.11\5.11.fsproj", "{CD5B2E1F-912C-498D-910D-06C0A1120E03}"
EndProject
Project("{F2A71F9B-5D33-465A-A702-920D77279786}") = "5.12", "5.12\5.12.fsproj", "{3873C295-47E9-46F0-B888-3C85F8AD7F2A}"
EndProject
Project("{F2A71F9B-5D33-465A-A702-920D77279786}") = "5.13", "5.13\5.13.fsproj", "{422C4B3F-3204-4A09-9B77-7035EA86E111}"
EndProject
Project("{F2A71F9B-5D33-465A-A702-920D77279786}") = "5.14", "5.14\5.14.fsproj", "{778A1BD6-7933-45DC-8827-D21E485A71CB}"
EndProject
Global
	GlobalSection(SolutionConfigurationPlatforms) = preSolution
		Debug|Any CPU = Debug|Any CPU
		Release|Any CPU = Release|Any CPU
	EndGlobalSection
	GlobalSection(ProjectConfigurationPlatforms) = postSolution
		{CD5B2E1F-912C-498D-910D-06C0A1120E03}.Debug|Any CPU.ActiveCfg = Debug|Any CPU
		{CD5B2E1F-912C-498D-910D-06C0A1120E03}.Debug|Any CPU.Build.0 = Debug|Any CPU
		{CD5B2E1F-912C-498D-910D-06C0A1120E03}.Release|Any CPU.ActiveCfg = Release|Any CPU
		{CD5B2E1F-912C-498D-910D-06C0A1120E03}.Release|Any CPU.Build.0 = Release|Any CPU
		{3873C295-47E9-46F0-B888-3C85F8AD7F2A}.Debug|Any CPU.ActiveCfg = Debug|Any CPU
		{3873C295-47E9-46F0-B888-3C85F8AD7F2A}.Debug|Any CPU.Build.0 = Debug|Any CPU
		{3873C295-47E9-46F0-B888-3C85F8AD7F2A}.Release|Any CPU.ActiveCfg = Release|Any CPU
		{3873C295-47E9-46F0-B888-3C85F8AD7F2A}.Release|Any CPU.Build.0 = Release|Any CPU
		{422C4B3F-3204-4A09-9B77-7035EA86E111}.Debug|Any CPU.ActiveCfg = Debug|Any CPU
		{422C4B3F-3204-4A09-9B77-7035EA86E111}.Debug|Any CPU.Build.0 = Debug|Any CPU
		{422C4B3F-3204-4A09-9B77-7035EA86E111}.Release|Any CPU.ActiveCfg = Release|Any CPU
		{422C4B3F-3204-4A09-9B77-7035EA86E111}.Release|Any CPU.Build.0 = Release|Any CPU
		{778A1BD6-7933-45DC-8827-D21E485A71CB}.Debug|Any CPU.ActiveCfg = Debug|Any CPU
		{778A1BD6-7933-45DC-8827-D21E485A71CB}.Debug|Any CPU.Build.0 = Debug|Any CPU
		{778A1BD6-7933-45DC-8827-D21E485A71CB}.Release|Any CPU.ActiveCfg = Release|Any CPU
		{778A1BD6-7933-45DC-8827-D21E485A71CB}.Release|Any CPU.Build.0 = Release|Any CPU
	EndGlobalSection
	GlobalSection(SolutionProperties) = preSolution
		HideSolutionNode = FALSE
	EndGlobalSection
	GlobalSection(ExtensibilityGlobals) = postSolution
		SolutionGuid = {95308FE1-6F1A-45ED-8748-1FCCF9D19291}
	EndGlobalSection
EndGlobal
